// !$*UTF8*$!
{
	archiveVersion = 1;
	classes = {
	};
	objectVersion = 50;
	objects = {

/* Begin PBXBuildFile section */
		177E6DE7243A52FB00194166 /* AppDelegate.swift in Sources */ = {isa = PBXBuildFile; fileRef = 177E6DE6243A52FB00194166 /* AppDelegate.swift */; };
		177E6DE9243A52FB00194166 /* SceneDelegate.swift in Sources */ = {isa = PBXBuildFile; fileRef = 177E6DE8243A52FB00194166 /* SceneDelegate.swift */; };
		177E6DEB243A52FB00194166 /* ContentView.swift in Sources */ = {isa = PBXBuildFile; fileRef = 177E6DEA243A52FB00194166 /* ContentView.swift */; };
		177E6DED243A52FC00194166 /* Assets.xcassets in Resources */ = {isa = PBXBuildFile; fileRef = 177E6DEC243A52FC00194166 /* Assets.xcassets */; };
		177E6DF0243A52FC00194166 /* Preview Assets.xcassets in Resources */ = {isa = PBXBuildFile; fileRef = 177E6DEF243A52FC00194166 /* Preview Assets.xcassets */; };
		177E6DF3243A52FC00194166 /* LaunchScreen.storyboard in Resources */ = {isa = PBXBuildFile; fileRef = 177E6DF1243A52FC00194166 /* LaunchScreen.storyboard */; };
		177E6DFE243A52FD00194166 /* App_V1_0Tests.swift in Sources */ = {isa = PBXBuildFile; fileRef = 177E6DFD243A52FD00194166 /* App_V1_0Tests.swift */; };
		177E6E09243A52FD00194166 /* App_V1_0UITests.swift in Sources */ = {isa = PBXBuildFile; fileRef = 177E6E08243A52FD00194166 /* App_V1_0UITests.swift */; };
/* End PBXBuildFile section */

/* Begin PBXContainerItemProxy section */
		177E6DFA243A52FD00194166 /* PBXContainerItemProxy */ = {
			isa = PBXContainerItemProxy;
			containerPortal = 177E6DDB243A52FB00194166 /* Project object */;
			proxyType = 1;
			remoteGlobalIDString = 177E6DE2243A52FB00194166;
			remoteInfo = "App-V1.0";
		};
		177E6E05243A52FD00194166 /* PBXContainerItemProxy */ = {
			isa = PBXContainerItemProxy;
			containerPortal = 177E6DDB243A52FB00194166 /* Project object */;
			proxyType = 1;
			remoteGlobalIDString = 177E6DE2243A52FB00194166;
			remoteInfo = "App-V1.0";
		};
/* End PBXContainerItemProxy section */

/* Begin PBXFileReference section */
		177E6DE3243A52FB00194166 /* App-V1.0.app */ = {isa = PBXFileReference; explicitFileType = wrapper.application; includeInIndex = 0; path = "App-V1.0.app"; sourceTree = BUILT_PRODUCTS_DIR; };
		177E6DE6243A52FB00194166 /* AppDelegate.swift */ = {isa = PBXFileReference; lastKnownFileType = sourcecode.swift; path = AppDelegate.swift; sourceTree = "<group>"; };
		177E6DE8243A52FB00194166 /* SceneDelegate.swift */ = {isa = PBXFileReference; lastKnownFileType = sourcecode.swift; path = SceneDelegate.swift; sourceTree = "<group>"; };
		177E6DEA243A52FB00194166 /* ContentView.swift */ = {isa = PBXFileReference; lastKnownFileType = sourcecode.swift; path = ContentView.swift; sourceTree = "<group>"; };
		177E6DEC243A52FC00194166 /* Assets.xcassets */ = {isa = PBXFileReference; lastKnownFileType = folder.assetcatalog; path = Assets.xcassets; sourceTree = "<group>"; };
		177E6DEF243A52FC00194166 /* Preview Assets.xcassets */ = {isa = PBXFileReference; lastKnownFileType = folder.assetcatalog; path = "Preview Assets.xcassets"; sourceTree = "<group>"; };
		177E6DF2243A52FC00194166 /* Base */ = {isa = PBXFileReference; lastKnownFileType = file.storyboard; name = Base; path = Base.lproj/LaunchScreen.storyboard; sourceTree = "<group>"; };
		177E6DF4243A52FC00194166 /* Info.plist */ = {isa = PBXFileReference; lastKnownFileType = text.plist.xml; path = Info.plist; sourceTree = "<group>"; };
		177E6DF9243A52FD00194166 /* App-V1.0Tests.xctest */ = {isa = PBXFileReference; explicitFileType = wrapper.cfbundle; includeInIndex = 0; path = "App-V1.0Tests.xctest"; sourceTree = BUILT_PRODUCTS_DIR; };
		177E6DFD243A52FD00194166 /* App_V1_0Tests.swift */ = {isa = PBXFileReference; lastKnownFileType = sourcecode.swift; path = App_V1_0Tests.swift; sourceTree = "<group>"; };
		177E6DFF243A52FD00194166 /* Info.plist */ = {isa = PBXFileReference; lastKnownFileType = text.plist.xml; path = Info.plist; sourceTree = "<group>"; };
		177E6E04243A52FD00194166 /* App-V1.0UITests.xctest */ = {isa = PBXFileReference; explicitFileType = wrapper.cfbundle; includeInIndex = 0; path = "App-V1.0UITests.xctest"; sourceTree = BUILT_PRODUCTS_DIR; };
		177E6E08243A52FD00194166 /* App_V1_0UITests.swift */ = {isa = PBXFileReference; lastKnownFileType = sourcecode.swift; path = App_V1_0UITests.swift; sourceTree = "<group>"; };
		177E6E0A243A52FD00194166 /* Info.plist */ = {isa = PBXFileReference; lastKnownFileType = text.plist.xml; path = Info.plist; sourceTree = "<group>"; };
/* End PBXFileReference section */

/* Begin PBXFrameworksBuildPhase section */
		177E6DE0243A52FB00194166 /* Frameworks */ = {
			isa = PBXFrameworksBuildPhase;
			buildActionMask = 2147483647;
			files = (
			);
			runOnlyForDeploymentPostprocessing = 0;
		};
		177E6DF6243A52FD00194166 /* Frameworks */ = {
			isa = PBXFrameworksBuildPhase;
			buildActionMask = 2147483647;
			files = (
			);
			runOnlyForDeploymentPostprocessing = 0;
		};
		177E6E01243A52FD00194166 /* Frameworks */ = {
			isa = PBXFrameworksBuildPhase;
			buildActionMask = 2147483647;
			files = (
			);
			runOnlyForDeploymentPostprocessing = 0;
		};
/* End PBXFrameworksBuildPhase section */

/* Begin PBXGroup section */
		177E6DDA243A52FB00194166 = {
			isa = PBXGroup;
			children = (
				177E6DE5243A52FB00194166 /* App-V1.0 */,
				177E6DFC243A52FD00194166 /* App-V1.0Tests */,
				177E6E07243A52FD00194166 /* App-V1.0UITests */,
				177E6DE4243A52FB00194166 /* Products */,
			);
			sourceTree = "<group>";
		};
		177E6DE4243A52FB00194166 /* Products */ = {
			isa = PBXGroup;
			children = (
				177E6DE3243A52FB00194166 /* App-V1.0.app */,
				177E6DF9243A52FD00194166 /* App-V1.0Tests.xctest */,
				177E6E04243A52FD00194166 /* App-V1.0UITests.xctest */,
			);
			name = Products;
			sourceTree = "<group>";
		};
		177E6DE5243A52FB00194166 /* App-V1.0 */ = {
			isa = PBXGroup;
			children = (
				177E6DE6243A52FB00194166 /* AppDelegate.swift */,
				177E6DE8243A52FB00194166 /* SceneDelegate.swift */,
				177E6DEA243A52FB00194166 /* ContentView.swift */,
				177E6DEC243A52FC00194166 /* Assets.xcassets */,
				177E6DF1243A52FC00194166 /* LaunchScreen.storyboard */,
				177E6DF4243A52FC00194166 /* Info.plist */,
				177E6DEE243A52FC00194166 /* Preview Content */,
			);
			path = "App-V1.0";
			sourceTree = "<group>";
		};
		177E6DEE243A52FC00194166 /* Preview Content */ = {
			isa = PBXGroup;
			children = (
				177E6DEF243A52FC00194166 /* Preview Assets.xcassets */,
			);
			path = "Preview Content";
			sourceTree = "<group>";
		};
		177E6DFC243A52FD00194166 /* App-V1.0Tests */ = {
			isa = PBXGroup;
			children = (
				177E6DFD243A52FD00194166 /* App_V1_0Tests.swift */,
				177E6DFF243A52FD00194166 /* Info.plist */,
			);
			path = "App-V1.0Tests";
			sourceTree = "<group>";
		};
		177E6E07243A52FD00194166 /* App-V1.0UITests */ = {
			isa = PBXGroup;
			children = (
				177E6E08243A52FD00194166 /* App_V1_0UITests.swift */,
				177E6E0A243A52FD00194166 /* Info.plist */,
			);
			path = "App-V1.0UITests";
			sourceTree = "<group>";
		};
/* End PBXGroup section */

/* Begin PBXNativeTarget section */
		177E6DE2243A52FB00194166 /* App-V1.0 */ = {
			isa = PBXNativeTarget;
			buildConfigurationList = 177E6E0D243A52FD00194166 /* Build configuration list for PBXNativeTarget "App-V1.0" */;
			buildPhases = (
				177E6DDF243A52FB00194166 /* Sources */,
				177E6DE0243A52FB00194166 /* Frameworks */,
				177E6DE1243A52FB00194166 /* Resources */,
			);
			buildRules = (
			);
			dependencies = (
			);
			name = "App-V1.0";
			productName = "App-V1.0";
			productReference = 177E6DE3243A52FB00194166 /* App-V1.0.app */;
			productType = "com.apple.product-type.application";
		};
		177E6DF8243A52FD00194166 /* App-V1.0Tests */ = {
			isa = PBXNativeTarget;
			buildConfigurationList = 177E6E10243A52FD00194166 /* Build configuration list for PBXNativeTarget "App-V1.0Tests" */;
			buildPhases = (
				177E6DF5243A52FD00194166 /* Sources */,
				177E6DF6243A52FD00194166 /* Frameworks */,
				177E6DF7243A52FD00194166 /* Resources */,
			);
			buildRules = (
			);
			dependencies = (
				177E6DFB243A52FD00194166 /* PBXTargetDependency */,
			);
			name = "App-V1.0Tests";
			productName = "App-V1.0Tests";
			productReference = 177E6DF9243A52FD00194166 /* App-V1.0Tests.xctest */;
			productType = "com.apple.product-type.bundle.unit-test";
		};
		177E6E03243A52FD00194166 /* App-V1.0UITests */ = {
			isa = PBXNativeTarget;
			buildConfigurationList = 177E6E13243A52FD00194166 /* Build configuration list for PBXNativeTarget "App-V1.0UITests" */;
			buildPhases = (
				177E6E00243A52FD00194166 /* Sources */,
				177E6E01243A52FD00194166 /* Frameworks */,
				177E6E02243A52FD00194166 /* Resources */,
			);
			buildRules = (
			);
			dependencies = (
				177E6E06243A52FD00194166 /* PBXTargetDependency */,
			);
			name = "App-V1.0UITests";
			productName = "App-V1.0UITests";
			productReference = 177E6E04243A52FD00194166 /* App-V1.0UITests.xctest */;
			productType = "com.apple.product-type.bundle.ui-testing";
		};
/* End PBXNativeTarget section */

/* Begin PBXProject section */
		177E6DDB243A52FB00194166 /* Project object */ = {
			isa = PBXProject;
			attributes = {
				LastSwiftUpdateCheck = 1130;
				LastUpgradeCheck = 1130;
				ORGANIZATIONNAME = "Jordan Zeleny";
				TargetAttributes = {
					177E6DE2243A52FB00194166 = {
						CreatedOnToolsVersion = 11.3.1;
					};
					177E6DF8243A52FD00194166 = {
						CreatedOnToolsVersion = 11.3.1;
						TestTargetID = 177E6DE2243A52FB00194166;
					};
					177E6E03243A52FD00194166 = {
						CreatedOnToolsVersion = 11.3.1;
						TestTargetID = 177E6DE2243A52FB00194166;
					};
				};
			};
			buildConfigurationList = 177E6DDE243A52FB00194166 /* Build configuration list for PBXProject "App-V1.0" */;
			compatibilityVersion = "Xcode 9.3";
			developmentRegion = en;
			hasScannedForEncodings = 0;
			knownRegions = (
				en,
				Base,
			);
			mainGroup = 177E6DDA243A52FB00194166;
			productRefGroup = 177E6DE4243A52FB00194166 /* Products */;
			projectDirPath = "";
			projectRoot = "";
			targets = (
				177E6DE2243A52FB00194166 /* App-V1.0 */,
				177E6DF8243A52FD00194166 /* App-V1.0Tests */,
				177E6E03243A52FD00194166 /* App-V1.0UITests */,
			);
		};
/* End PBXProject section */

/* Begin PBXResourcesBuildPhase section */
		177E6DE1243A52FB00194166 /* Resources */ = {
			isa = PBXResourcesBuildPhase;
			buildActionMask = 2147483647;
			files = (
				177E6DF3243A52FC00194166 /* LaunchScreen.storyboard in Resources */,
				177E6DF0243A52FC00194166 /* Preview Assets.xcassets in Resources */,
				177E6DED243A52FC00194166 /* Assets.xcassets in Resources */,
			);
			runOnlyForDeploymentPostprocessing = 0;
		};
		177E6DF7243A52FD00194166 /* Resources */ = {
			isa = PBXResourcesBuildPhase;
			buildActionMask = 2147483647;
			files = (
			);
			runOnlyForDeploymentPostprocessing = 0;
		};
		177E6E02243A52FD00194166 /* Resources */ = {
			isa = PBXResourcesBuildPhase;
			buildActionMask = 2147483647;
			files = (
			);
			runOnlyForDeploymentPostprocessing = 0;
		};
/* End PBXResourcesBuildPhase section */

/* Begin PBXSourcesBuildPhase section */
		177E6DDF243A52FB00194166 /* Sources */ = {
			isa = PBXSourcesBuildPhase;
			buildActionMask = 2147483647;
			files = (
				177E6DE7243A52FB00194166 /* AppDelegate.swift in Sources */,
				177E6DE9243A52FB00194166 /* SceneDelegate.swift in Sources */,
				177E6DEB243A52FB00194166 /* ContentView.swift in Sources */,
			);
			runOnlyForDeploymentPostprocessing = 0;
		};
		177E6DF5243A52FD00194166 /* Sources */ = {
			isa = PBXSourcesBuildPhase;
			buildActionMask = 2147483647;
			files = (
				177E6DFE243A52FD00194166 /* App_V1_0Tests.swift in Sources */,
			);
			runOnlyForDeploymentPostprocessing = 0;
		};
		177E6E00243A52FD00194166 /* Sources */ = {
			isa = PBXSourcesBuildPhase;
			buildActionMask = 2147483647;
			files = (
				177E6E09243A52FD00194166 /* App_V1_0UITests.swift in Sources */,
			);
			runOnlyForDeploymentPostprocessing = 0;
		};
/* End PBXSourcesBuildPhase section */

/* Begin PBXTargetDependency section */
		177E6DFB243A52FD00194166 /* PBXTargetDependency */ = {
			isa = PBXTargetDependency;
			target = 177E6DE2243A52FB00194166 /* App-V1.0 */;
			targetProxy = 177E6DFA243A52FD00194166 /* PBXContainerItemProxy */;
		};
		177E6E06243A52FD00194166 /* PBXTargetDependency */ = {
			isa = PBXTargetDependency;
			target = 177E6DE2243A52FB00194166 /* App-V1.0 */;
			targetProxy = 177E6E05243A52FD00194166 /* PBXContainerItemProxy */;
		};
/* End PBXTargetDependency section */

/* Begin PBXVariantGroup section */
		177E6DF1243A52FC00194166 /* LaunchScreen.storyboard */ = {
			isa = PBXVariantGroup;
			children = (
				177E6DF2243A52FC00194166 /* Base */,
			);
			name = LaunchScreen.storyboard;
			sourceTree = "<group>";
		};
/* End PBXVariantGroup section */

/* Begin XCBuildConfiguration section */
		177E6E0B243A52FD00194166 /* Debug */ = {
			isa = XCBuildConfiguration;
			buildSettings = {
				ALWAYS_SEARCH_USER_PATHS = NO;
				CLANG_ANALYZER_NONNULL = YES;
				CLANG_ANALYZER_NUMBER_OBJECT_CONVERSION = YES_AGGRESSIVE;
				CLANG_CXX_LANGUAGE_STANDARD = "gnu++14";
				CLANG_CXX_LIBRARY = "libc++";
				CLANG_ENABLE_MODULES = YES;
				CLANG_ENABLE_OBJC_ARC = YES;
				CLANG_ENABLE_OBJC_WEAK = YES;
				CLANG_WARN_BLOCK_CAPTURE_AUTORELEASING = YES;
				CLANG_WARN_BOOL_CONVERSION = YES;
				CLANG_WARN_COMMA = YES;
				CLANG_WARN_CONSTANT_CONVERSION = YES;
				CLANG_WARN_DEPRECATED_OBJC_IMPLEMENTATIONS = YES;
				CLANG_WARN_DIRECT_OBJC_ISA_USAGE = YES_ERROR;
				CLANG_WARN_DOCUMENTATION_COMMENTS = YES;
				CLANG_WARN_EMPTY_BODY = YES;
				CLANG_WARN_ENUM_CONVERSION = YES;
				CLANG_WARN_INFINITE_RECURSION = YES;
				CLANG_WARN_INT_CONVERSION = YES;
				CLANG_WARN_NON_LITERAL_NULL_CONVERSION = YES;
				CLANG_WARN_OBJC_IMPLICIT_RETAIN_SELF = YES;
				CLANG_WARN_OBJC_LITERAL_CONVERSION = YES;
				CLANG_WARN_OBJC_ROOT_CLASS = YES_ERROR;
				CLANG_WARN_RANGE_LOOP_ANALYSIS = YES;
				CLANG_WARN_STRICT_PROTOTYPES = YES;
				CLANG_WARN_SUSPICIOUS_MOVE = YES;
				CLANG_WARN_UNGUARDED_AVAILABILITY = YES_AGGRESSIVE;
				CLANG_WARN_UNREACHABLE_CODE = YES;
				CLANG_WARN__DUPLICATE_METHOD_MATCH = YES;
				COPY_PHASE_STRIP = NO;
				DEBUG_INFORMATION_FORMAT = dwarf;
				ENABLE_STRICT_OBJC_MSGSEND = YES;
				ENABLE_TESTABILITY = YES;
				GCC_C_LANGUAGE_STANDARD = gnu11;
				GCC_DYNAMIC_NO_PIC = NO;
				GCC_NO_COMMON_BLOCKS = YES;
				GCC_OPTIMIZATION_LEVEL = 0;
				GCC_PREPROCESSOR_DEFINITIONS = (
					"DEBUG=1",
					"$(inherited)",
				);
				GCC_WARN_64_TO_32_BIT_CONVERSION = YES;
				GCC_WARN_ABOUT_RETURN_TYPE = YES_ERROR;
				GCC_WARN_UNDECLARED_SELECTOR = YES;
				GCC_WARN_UNINITIALIZED_AUTOS = YES_AGGRESSIVE;
				GCC_WARN_UNUSED_FUNCTION = YES;
				GCC_WARN_UNUSED_VARIABLE = YES;
				IPHONEOS_DEPLOYMENT_TARGET = 13.2;
				MTL_ENABLE_DEBUG_INFO = INCLUDE_SOURCE;
				MTL_FAST_MATH = YES;
				ONLY_ACTIVE_ARCH = YES;
				SDKROOT = iphoneos;
				SWIFT_ACTIVE_COMPILATION_CONDITIONS = DEBUG;
				SWIFT_OPTIMIZATION_LEVEL = "-Onone";
			};
			name = Debug;
		};
		177E6E0C243A52FD00194166 /* Release */ = {
			isa = XCBuildConfiguration;
			buildSettings = {
				ALWAYS_SEARCH_USER_PATHS = NO;
				CLANG_ANALYZER_NONNULL = YES;
				CLANG_ANALYZER_NUMBER_OBJECT_CONVERSION = YES_AGGRESSIVE;
				CLANG_CXX_LANGUAGE_STANDARD = "gnu++14";
				CLANG_CXX_LIBRARY = "libc++";
				CLANG_ENABLE_MODULES = YES;
				CLANG_ENABLE_OBJC_ARC = YES;
				CLANG_ENABLE_OBJC_WEAK = YES;
				CLANG_WARN_BLOCK_CAPTURE_AUTORELEASING = YES;
				CLANG_WARN_BOOL_CONVERSION = YES;
				CLANG_WARN_COMMA = YES;
				CLANG_WARN_CONSTANT_CONVERSION = YES;
				CLANG_WARN_DEPRECATED_OBJC_IMPLEMENTATIONS = YES;
				CLANG_WARN_DIRECT_OBJC_ISA_USAGE = YES_ERROR;
				CLANG_WARN_DOCUMENTATION_COMMENTS = YES;
				CLANG_WARN_EMPTY_BODY = YES;
				CLANG_WARN_ENUM_CONVERSION = YES;
				CLANG_WARN_INFINITE_RECURSION = YES;
				CLANG_WARN_INT_CONVERSION = YES;
				CLANG_WARN_NON_LITERAL_NULL_CONVERSION = YES;
				CLANG_WARN_OBJC_IMPLICIT_RETAIN_SELF = YES;
				CLANG_WARN_OBJC_LITERAL_CONVERSION = YES;
				CLANG_WARN_OBJC_ROOT_CLASS = YES_ERROR;
				CLANG_WARN_RANGE_LOOP_ANALYSIS = YES;
				CLANG_WARN_STRICT_PROTOTYPES = YES;
				CLANG_WARN_SUSPICIOUS_MOVE = YES;
				CLANG_WARN_UNGUARDED_AVAILABILITY = YES_AGGRESSIVE;
				CLANG_WARN_UNREACHABLE_CODE = YES;
				CLANG_WARN__DUPLICATE_METHOD_MATCH = YES;
				COPY_PHASE_STRIP = NO;
				DEBUG_INFORMATION_FORMAT = "dwarf-with-dsym";
				ENABLE_NS_ASSERTIONS = NO;
				ENABLE_STRICT_OBJC_MSGSEND = YES;
				GCC_C_LANGUAGE_STANDARD = gnu11;
				GCC_NO_COMMON_BLOCKS = YES;
				GCC_WARN_64_TO_32_BIT_CONVERSION = YES;
				GCC_WARN_ABOUT_RETURN_TYPE = YES_ERROR;
				GCC_WARN_UNDECLARED_SELECTOR = YES;
				GCC_WARN_UNINITIALIZED_AUTOS = YES_AGGRESSIVE;
				GCC_WARN_UNUSED_FUNCTION = YES;
				GCC_WARN_UNUSED_VARIABLE = YES;
				IPHONEOS_DEPLOYMENT_TARGET = 13.2;
				MTL_ENABLE_DEBUG_INFO = NO;
				MTL_FAST_MATH = YES;
				SDKROOT = iphoneos;
				SWIFT_COMPILATION_MODE = wholemodule;
				SWIFT_OPTIMIZATION_LEVEL = "-O";
				VALIDATE_PRODUCT = YES;
			};
			name = Release;
		};
		177E6E0E243A52FD00194166 /* Debug */ = {
			isa = XCBuildConfiguration;
			buildSettings = {
				ASSETCATALOG_COMPILER_APPICON_NAME = AppIcon;
				CODE_SIGN_STYLE = Automatic;
				DEVELOPMENT_ASSET_PATHS = "\"App-V1.0/Preview Content\"";
				DEVELOPMENT_TEAM = VZ8V97WKSV;
				ENABLE_PREVIEWS = YES;
				INFOPLIST_FILE = "App-V1.0/Info.plist";
				LD_RUNPATH_SEARCH_PATHS = (
					"$(inherited)",
					"@executable_path/Frameworks",
				);
				PRODUCT_BUNDLE_IDENTIFIER = "Jordan.App-V1-0";
				PRODUCT_NAME = "$(TARGET_NAME)";
				SWIFT_VERSION = 5.0;
				TARGETED_DEVICE_FAMILY = "1,2";
			};
			name = Debug;
		};
		177E6E0F243A52FD00194166 /* Release */ = {
			isa = XCBuildConfiguration;
			buildSettings = {
				ASSETCATALOG_COMPILER_APPICON_NAME = AppIcon;
				CODE_SIGN_STYLE = Automatic;
				DEVELOPMENT_ASSET_PATHS = "\"App-V1.0/Preview Content\"";
				DEVELOPMENT_TEAM = VZ8V97WKSV;
				ENABLE_PREVIEWS = YES;
				INFOPLIST_FILE = "App-V1.0/Info.plist";
				LD_RUNPATH_SEARCH_PATHS = (
					"$(inherited)",
					"@executable_path/Frameworks",
				);
				PRODUCT_BUNDLE_IDENTIFIER = "Jordan.App-V1-0";
				PRODUCT_NAME = "$(TARGET_NAME)";
				SWIFT_VERSION = 5.0;
				TARGETED_DEVICE_FAMILY = "1,2";
			};
			name = Release;
		};
		177E6E11243A52FD00194166 /* Debug */ = {
			isa = XCBuildConfiguration;
			buildSettings = {
				ALWAYS_EMBED_SWIFT_STANDARD_LIBRARIES = YES;
				BUNDLE_LOADER = "$(TEST_HOST)";
				CODE_SIGN_STYLE = Automatic;
				DEVELOPMENT_TEAM = VZ8V97WKSV;
				INFOPLIST_FILE = "App-V1.0Tests/Info.plist";
				IPHONEOS_DEPLOYMENT_TARGET = 13.2;
				LD_RUNPATH_SEARCH_PATHS = (
					"$(inherited)",
					"@executable_path/Frameworks",
					"@loader_path/Frameworks",
				);
				PRODUCT_BUNDLE_IDENTIFIER = "Jordan.App-V1-0Tests";
				PRODUCT_NAME = "$(TARGET_NAME)";
				SWIFT_VERSION = 5.0;
				TARGETED_DEVICE_FAMILY = "1,2";
				TEST_HOST = "$(BUILT_PRODUCTS_DIR)/App-V1.0.app/App-V1.0";
			};
			name = Debug;
		};
		177E6E12243A52FD00194166 /* Release */ = {
			isa = XCBuildConfiguration;
			buildSettings = {
				ALWAYS_EMBED_SWIFT_STANDARD_LIBRARIES = YES;
				BUNDLE_LOADER = "$(TEST_HOST)";
				CODE_SIGN_STYLE = Automatic;
				DEVELOPMENT_TEAM = VZ8V97WKSV;
				INFOPLIST_FILE = "App-V1.0Tests/Info.plist";
				IPHONEOS_DEPLOYMENT_TARGET = 13.2;
				LD_RUNPATH_SEARCH_PATHS = (
					"$(inherited)",
					"@executable_path/Frameworks",
					"@loader_path/Frameworks",
				);
				PRODUCT_BUNDLE_IDENTIFIER = "Jordan.App-V1-0Tests";
				PRODUCT_NAME = "$(TARGET_NAME)";
				SWIFT_VERSION = 5.0;
				TARGETED_DEVICE_FAMILY = "1,2";
				TEST_HOST = "$(BUILT_PRODUCTS_DIR)/App-V1.0.app/App-V1.0";
			};
			name = Release;
		};
		177E6E14243A52FD00194166 /* Debug */ = {
			isa = XCBuildConfiguration;
			buildSettings = {
				ALWAYS_EMBED_SWIFT_STANDARD_LIBRARIES = YES;
				CODE_SIGN_STYLE = Automatic;
				DEVELOPMENT_TEAM = VZ8V97WKSV;
				INFOPLIST_FILE = "App-V1.0UITests/Info.plist";
				LD_RUNPATH_SEARCH_PATHS = (
					"$(inherited)",
					"@executable_path/Frameworks",
					"@loader_path/Frameworks",
				);
				PRODUCT_BUNDLE_IDENTIFIER = "Jordan.App-V1-0UITests";
				PRODUCT_NAME = "$(TARGET_NAME)";
				SWIFT_VERSION = 5.0;
				TARGETED_DEVICE_FAMILY = "1,2";
				TEST_TARGET_NAME = "App-V1.0";
			};
			name = Debug;
		};
		177E6E15243A52FD00194166 /* Release */ = {
			isa = XCBuildConfiguration;
			buildSettings = {
				ALWAYS_EMBED_SWIFT_STANDARD_LIBRARIES = YES;
				CODE_SIGN_STYLE = Automatic;
				DEVELOPMENT_TEAM = VZ8V97WKSV;
				INFOPLIST_FILE = "App-V1.0UITests/Info.plist";
				LD_RUNPATH_SEARCH_PATHS = (
					"$(inherited)",
					"@executable_path/Frameworks",
					"@loader_path/Frameworks",
				);
				PRODUCT_BUNDLE_IDENTIFIER = "Jordan.App-V1-0UITests";
				PRODUCT_NAME = "$(TARGET_NAME)";
				SWIFT_VERSION = 5.0;
				TARGETED_DEVICE_FAMILY = "1,2";
				TEST_TARGET_NAME = "App-V1.0";
			};
			name = Release;
		};
/* End XCBuildConfiguration section */

/* Begin XCConfigurationList section */
		177E6DDE243A52FB00194166 /* Build configuration list for PBXProject "App-V1.0" */ = {
			isa = XCConfigurationList;
			buildConfigurations = (
				177E6E0B243A52FD00194166 /* Debug */,
				177E6E0C243A52FD00194166 /* Release */,
			);
			defaultConfigurationIsVisible = 0;
			defaultConfigurationName = Release;
		};
		177E6E0D243A52FD00194166 /* Build configuration list for PBXNativeTarget "App-V1.0" */ = {
			isa = XCConfigurationList;
			buildConfigurations = (
				177E6E0E243A52FD00194166 /* Debug */,
				177E6E0F243A52FD00194166 /* Release */,
			);
			defaultConfigurationIsVisible = 0;
			defaultConfigurationName = Release;
		};
		177E6E10243A52FD00194166 /* Build configuration list for PBXNativeTarget "App-V1.0Tests" */ = {
			isa = XCConfigurationList;
			buildConfigurations = (
				177E6E11243A52FD00194166 /* Debug */,
				177E6E12243A52FD00194166 /* Release */,
			);
			defaultConfigurationIsVisible = 0;
			defaultConfigurationName = Release;
		};
		177E6E13243A52FD00194166 /* Build configuration list for PBXNativeTarget "App-V1.0UITests" */ = {
			isa = XCConfigurationList;
			buildConfigurations = (
				177E6E14243A52FD00194166 /* Debug */,
				177E6E15243A52FD00194166 /* Release */,
			);
			defaultConfigurationIsVisible = 0;
			defaultConfigurationName = Release;
		};
/* End XCConfigurationList section */
	};
	rootObject = 177E6DDB243A52FB00194166 /* Project object */;
}
